<?xml version="1.0" encoding="utf-8"?>
<Project ToolsVersion="4.0" xmlns="http://schemas.microsoft.com/developer/msbuild/2003">
  <ItemGroup>
    <Filter Include="Header">
      <UniqueIdentifier>{283bdd4e-342e-40be-a3f4-d0a09114566f}</UniqueIdentifier>
    </Filter>
    <Filter Include="Source">
      <UniqueIdentifier>{5ceebe6e-7c68-487e-85aa-10d03334e02a}</UniqueIdentifier>
    </Filter>
  </ItemGroup>
  <ItemGroup>
    <ClInclude Include="..\Source\CrossPlatformFileIO.h">
      <Filter>Header</Filter>
    </ClInclude>
    <ClInclude Include="..\Source\IgorBin.h">
      <Filter>Header</Filter>
    </ClInclude>
    <ClInclude Include="..\Source\readwave.h">
      <Filter>Header</Filter>
    </ClInclude>
  </ItemGroup>
  <ItemGroup>
    <ClCompile Include="..\Source\CrossPlatformFileIO.cpp">
      <Filter>Source</Filter>
    </ClCompile>
    <ClCompile Include="..\Source\ReadWave.cpp">
      <Filter>Source</Filter>
    </ClCompile>
    <ClCompile Include="..\Source\TestWave.cpp">
      <Filter>Source</Filter>
    </ClCompile>
    <ClCompile Include="..\Source\WriteWave.cpp">
      <Filter>Source</Filter>
    </ClCompile>
  </ItemGroup>
</Project>